
Microsoft Visual Studio Solution File, Format Version 12.00
# Visual Studio Version 16
VisualStudioVersion = 16.0.29709.97
MinimumVisualStudioVersion = 10.0.40219.1
Project("{8BC9CEB8-8B4A-11D0-8D11-00A0C91BC942}") = "CIS108_lab5_5", "CIS108_lab5_5.vcxproj", "{2F28FF47-D158-4D33-90EF-FBD24D402DD7}"
EndProject
Global
	GlobalSection(SolutionConfigurationPlatforms) = preSolution
		Debug|x64 = Debug|x64
		Debug|x86 = Debug|x86
		Release|x64 = Release|x64
		Release|x86 = Release|x86
	EndGlobalSection
	GlobalSection(ProjectConfigurationPlatforms) = postSolution
		{2F28FF47-D158-4D33-90EF-FBD24D402DD7}.Debug|x64.ActiveCfg = Debug|x64
		{2F28FF47-D158-4D33-90EF-FBD24D402DD7}.Debug|x64.Build.0 = Debug|x64
		{2F28FF47-D158-4D33-90EF-FBD24D402DD7}.Debug|x86.ActiveCfg = Debug|Win32
		{2F28FF47-D158-4D33-90EF-FBD24D402DD7}.Debug|x86.Build.0 = Debug|Win32
		{2F28FF47-D158-4D33-90EF-FBD24D402DD7}.Release|x64.ActiveCfg = Release|x64
		{2F28FF47-D158-4D33-90EF-FBD24D402DD7}.Release|x64.Build.0 = Release|x64
		{2F28FF47-D158-4D33-90EF-FBD24D402DD7}.Release|x86.ActiveCfg = Release|Win32
		{2F28FF47-D158-4D33-90EF-FBD24D402DD7}.Release|x86.Build.0 = Release|Win32
	EndGlobalSection
	GlobalSection(SolutionProperties) = preSolution
		HideSolutionNode = FALSE
	EndGlobalSection
	GlobalSection(ExtensibilityGlobals) = postSolution
		SolutionGuid = {BD3B5D37-56C0-4728-A03D-C1740677BBAF}
	EndGlobalSection
EndGlobal
